lockfileVersion: '9.0'

settings:
  autoInstallPeers: true
  excludeLinksFromLockfile: false

importers:

  .:
    dependencies:
      dotenv:
        specifier: ^16.4.5
        version: 16.4.5
    devDependencies:
      '@biomejs/biome':
        specifier: 1.8.3
        version: 1.8.3
      '@moonrepo/cli':
        specifier: ^1.28.2
        version: 1.28.2

packages:

  '@biomejs/biome@1.8.3':
    resolution: {integrity: sha512-/uUV3MV+vyAczO+vKrPdOW0Iaet7UnJMU4bNMinggGJTAnBPjCoLEYcyYtYHNnUNYlv4xZMH6hVIQCAozq8d5w==}
    engines: {node: '>=14.21.3'}
    hasBin: true

  '@biomejs/cli-darwin-arm64@1.8.3':
    resolution: {integrity: sha512-9DYOjclFpKrH/m1Oz75SSExR8VKvNSSsLnVIqdnKexj6NwmiMlKk94Wa1kZEdv6MCOHGHgyyoV57Cw8WzL5n3A==}
    engines: {node: '>=14.21.3'}
    cpu: [arm64]
    os: [darwin]

  '@biomejs/cli-darwin-x64@1.8.3':
    resolution: {integrity: sha512-UeW44L/AtbmOF7KXLCoM+9PSgPo0IDcyEUfIoOXYeANaNXXf9mLUwV1GeF2OWjyic5zj6CnAJ9uzk2LT3v/wAw==}
    engines: {node: '>=14.21.3'}
    cpu: [x64]
    os: [darwin]

  '@biomejs/cli-linux-arm64-musl@1.8.3':
    resolution: {integrity: sha512-9yjUfOFN7wrYsXt/T/gEWfvVxKlnh3yBpnScw98IF+oOeCYb5/b/+K7YNqKROV2i1DlMjg9g/EcN9wvj+NkMuQ==}
    engines: {node: '>=14.21.3'}
    cpu: [arm64]
    os: [linux]

  '@biomejs/cli-linux-arm64@1.8.3':
    resolution: {integrity: sha512-fed2ji8s+I/m8upWpTJGanqiJ0rnlHOK3DdxsyVLZQ8ClY6qLuPc9uehCREBifRJLl/iJyQpHIRufLDeotsPtw==}
    engines: {node: '>=14.21.3'}
    cpu: [arm64]
    os: [linux]

  '@biomejs/cli-linux-x64-musl@1.8.3':
    resolution: {integrity: sha512-UHrGJX7PrKMKzPGoEsooKC9jXJMa28TUSMjcIlbDnIO4EAavCoVmNQaIuUSH0Ls2mpGMwUIf+aZJv657zfWWjA==}
    engines: {node: '>=14.21.3'}
    cpu: [x64]
    os: [linux]

  '@biomejs/cli-linux-x64@1.8.3':
    resolution: {integrity: sha512-I8G2QmuE1teISyT8ie1HXsjFRz9L1m5n83U1O6m30Kw+kPMPSKjag6QGUn+sXT8V+XWIZxFFBoTDEDZW2KPDDw==}
    engines: {node: '>=14.21.3'}
    cpu: [x64]
    os: [linux]

  '@biomejs/cli-win32-arm64@1.8.3':
    resolution: {integrity: sha512-J+Hu9WvrBevfy06eU1Na0lpc7uR9tibm9maHynLIoAjLZpQU3IW+OKHUtyL8p6/3pT2Ju5t5emReeIS2SAxhkQ==}
    engines: {node: '>=14.21.3'}
    cpu: [arm64]
    os: [win32]

  '@biomejs/cli-win32-x64@1.8.3':
    resolution: {integrity: sha512-/PJ59vA1pnQeKahemaQf4Nyj7IKUvGQSc3Ze1uIGi+Wvr1xF7rGobSrAAG01T/gUDG21vkDsZYM03NAmPiVkqg==}
    engines: {node: '>=14.21.3'}
    cpu: [x64]
    os: [win32]

  '@moonrepo/cli@1.28.2':
    resolution: {integrity: sha512-ugdCEcvq02tx5YNDWlm+6mURaTcEdJgdIWx21kY1mtED0alEISvfnpIRhPCRb9TeRDY8xzh9+ZPNM3dv6kXclg==}
    hasBin: true

  '@moonrepo/core-linux-arm64-gnu@1.28.2':
    resolution: {integrity: sha512-ko8IHMT3Oqc2yqNNG2mM6il5VnW/02dm5owhhu8f73ywf4q+N67yNh3fyVBwZQClJ/sEkU+6rU2fMYAWjJo0jQ==}
    cpu: [arm64]
    os: [linux]

  '@moonrepo/core-linux-arm64-musl@1.28.2':
    resolution: {integrity: sha512-0J4mPBDKaS4a+agqB3IBYHmmCA6/iHaE+ZcBrDvpj/X1WQL9Lu9NgnAJAjsMNhIsfRnzWE1A6RfeHYzTzprfEQ==}
    cpu: [arm64]
    os: [linux]

  '@moonrepo/core-linux-x64-gnu@1.28.2':
    resolution: {integrity: sha512-wswKf3qqM3dpU98c1kAdlVgy9ixP5y6iJorcR6tygzHtZhcVuD+0/I6XYYMQNTokO2wc3zKHCBpAiqg1MNz3Dg==}
    cpu: [x64]
    os: [linux]

  '@moonrepo/core-linux-x64-musl@1.28.2':
    resolution: {integrity: sha512-/E+j/NYqq1NHLy0V2i31cuOTx9zvgs+FO9NclFQxkr8XxY6YC48nYf+L23oNuxg4eTQH+XOMP6QJIrh9qCL3Kg==}
    cpu: [x64]
    os: [linux]

  '@moonrepo/core-macos-arm64@1.28.2':
    resolution: {integrity: sha512-6nRyk0hsSeuwA0cCKxmeccRXcin1RJEuXdy10A6qTOByIt3CuSUtudbTTBnc/ZEvTdhFYUMacCAWrg5BYaqM7Q==}
    cpu: [arm64]
    os: [darwin]

  '@moonrepo/core-macos-x64@1.28.2':
    resolution: {integrity: sha512-CsebsrCUULXYW4lnWdWA/EYUP1n17SK0kLCeMaBK43Nq6dLMJvX/Lij0vTgPenaq5ImgefMshqQKrZqg3CJRRQ==}
    cpu: [x64]
    os: [darwin]

  '@moonrepo/core-windows-x64-msvc@1.28.2':
    resolution: {integrity: sha512-/e++sLoQoANaa63j66qVWtIG8Q8bByxLQP2mW73Lv+T7y9Bn2Ht2kk5uCf/lESMnGl6UtAFv1XTvu2ydbb6fFw==}
    cpu: [x64]
    os: [win32]

  detect-libc@2.0.3:
    resolution: {integrity: sha512-bwy0MGW55bG41VqxxypOsdSdGqLwXPI/focwgTYCFMbdUiBAxLg9CFzG08sz2aqzknwiX7Hkl0bQENjg8iLByw==}
    engines: {node: '>=8'}

  dotenv@16.4.5:
    resolution: {integrity: sha512-ZmdL2rui+eB2YwhsWzjInR8LldtZHGDoQ1ugH85ppHKwpUHL7j7rN0Ti9NCnGiQbhaZ11FpR+7ao1dNsmduNUg==}
    engines: {node: '>=12'}

snapshots:

  '@biomejs/biome@1.8.3':
    optionalDependencies:
      '@biomejs/cli-darwin-arm64': 1.8.3
      '@biomejs/cli-darwin-x64': 1.8.3
      '@biomejs/cli-linux-arm64': 1.8.3
      '@biomejs/cli-linux-arm64-musl': 1.8.3
      '@biomejs/cli-linux-x64': 1.8.3
      '@biomejs/cli-linux-x64-musl': 1.8.3
      '@biomejs/cli-win32-arm64': 1.8.3
      '@biomejs/cli-win32-x64': 1.8.3

  '@biomejs/cli-darwin-arm64@1.8.3':
    optional: true

  '@biomejs/cli-darwin-x64@1.8.3':
    optional: true

  '@biomejs/cli-linux-arm64-musl@1.8.3':
    optional: true

  '@biomejs/cli-linux-arm64@1.8.3':
    optional: true

  '@biomejs/cli-linux-x64-musl@1.8.3':
    optional: true

  '@biomejs/cli-linux-x64@1.8.3':
    optional: true

  '@biomejs/cli-win32-arm64@1.8.3':
    optional: true

  '@biomejs/cli-win32-x64@1.8.3':
    optional: true

  '@moonrepo/cli@1.28.2':
    dependencies:
      detect-libc: 2.0.3
    optionalDependencies:
      '@moonrepo/core-linux-arm64-gnu': 1.28.2
      '@moonrepo/core-linux-arm64-musl': 1.28.2
      '@moonrepo/core-linux-x64-gnu': 1.28.2
      '@moonrepo/core-linux-x64-musl': 1.28.2
      '@moonrepo/core-macos-arm64': 1.28.2
      '@moonrepo/core-macos-x64': 1.28.2
      '@moonrepo/core-windows-x64-msvc': 1.28.2

  '@moonrepo/core-linux-arm64-gnu@1.28.2':
    optional: true

  '@moonrepo/core-linux-arm64-musl@1.28.2':
    optional: true

  '@moonrepo/core-linux-x64-gnu@1.28.2':
    optional: true

  '@moonrepo/core-linux-x64-musl@1.28.2':
    optional: true

  '@moonrepo/core-macos-arm64@1.28.2':
    optional: true

  '@moonrepo/core-macos-x64@1.28.2':
    optional: true

  '@moonrepo/core-windows-x64-msvc@1.28.2':
    optional: true

  detect-libc@2.0.3: {}

  dotenv@16.4.5: {}
