lockfileVersion: '9.0'

settings:
  autoInstallPeers: true
  excludeLinksFromLockfile: false

importers:

  .:
    dependencies:
      dotenv:
        specifier: ^16.4.5
        version: 16.4.5
    devDependencies:
      '@biomejs/biome':
        specifier: 1.8.3
        version: 1.8.3
      '@moonrepo/cli':
        specifier: ^1.27.6
        version: 1.27.6

packages:

  '@biomejs/biome@1.8.3':
    resolution: {integrity: sha512-/uUV3MV+vyAczO+vKrPdOW0Iaet7UnJMU4bNMinggGJTAnBPjCoLEYcyYtYHNnUNYlv4xZMH6hVIQCAozq8d5w==}
    engines: {node: '>=14.21.3'}
    hasBin: true

  '@biomejs/cli-darwin-arm64@1.8.3':
    resolution: {integrity: sha512-9DYOjclFpKrH/m1Oz75SSExR8VKvNSSsLnVIqdnKexj6NwmiMlKk94Wa1kZEdv6MCOHGHgyyoV57Cw8WzL5n3A==}
    engines: {node: '>=14.21.3'}
    cpu: [arm64]
    os: [darwin]

  '@biomejs/cli-darwin-x64@1.8.3':
    resolution: {integrity: sha512-UeW44L/AtbmOF7KXLCoM+9PSgPo0IDcyEUfIoOXYeANaNXXf9mLUwV1GeF2OWjyic5zj6CnAJ9uzk2LT3v/wAw==}
    engines: {node: '>=14.21.3'}
    cpu: [x64]
    os: [darwin]

  '@biomejs/cli-linux-arm64-musl@1.8.3':
    resolution: {integrity: sha512-9yjUfOFN7wrYsXt/T/gEWfvVxKlnh3yBpnScw98IF+oOeCYb5/b/+K7YNqKROV2i1DlMjg9g/EcN9wvj+NkMuQ==}
    engines: {node: '>=14.21.3'}
    cpu: [arm64]
    os: [linux]

  '@biomejs/cli-linux-arm64@1.8.3':
    resolution: {integrity: sha512-fed2ji8s+I/m8upWpTJGanqiJ0rnlHOK3DdxsyVLZQ8ClY6qLuPc9uehCREBifRJLl/iJyQpHIRufLDeotsPtw==}
    engines: {node: '>=14.21.3'}
    cpu: [arm64]
    os: [linux]

  '@biomejs/cli-linux-x64-musl@1.8.3':
    resolution: {integrity: sha512-UHrGJX7PrKMKzPGoEsooKC9jXJMa28TUSMjcIlbDnIO4EAavCoVmNQaIuUSH0Ls2mpGMwUIf+aZJv657zfWWjA==}
    engines: {node: '>=14.21.3'}
    cpu: [x64]
    os: [linux]

  '@biomejs/cli-linux-x64@1.8.3':
    resolution: {integrity: sha512-I8G2QmuE1teISyT8ie1HXsjFRz9L1m5n83U1O6m30Kw+kPMPSKjag6QGUn+sXT8V+XWIZxFFBoTDEDZW2KPDDw==}
    engines: {node: '>=14.21.3'}
    cpu: [x64]
    os: [linux]

  '@biomejs/cli-win32-arm64@1.8.3':
    resolution: {integrity: sha512-J+Hu9WvrBevfy06eU1Na0lpc7uR9tibm9maHynLIoAjLZpQU3IW+OKHUtyL8p6/3pT2Ju5t5emReeIS2SAxhkQ==}
    engines: {node: '>=14.21.3'}
    cpu: [arm64]
    os: [win32]

  '@biomejs/cli-win32-x64@1.8.3':
    resolution: {integrity: sha512-/PJ59vA1pnQeKahemaQf4Nyj7IKUvGQSc3Ze1uIGi+Wvr1xF7rGobSrAAG01T/gUDG21vkDsZYM03NAmPiVkqg==}
    engines: {node: '>=14.21.3'}
    cpu: [x64]
    os: [win32]

  '@moonrepo/cli@1.27.6':
    resolution: {integrity: sha512-/hbYF4LmJgqE68u+9r6E2/b917juEK5rb3a877YK0q96LCHBx6SYqDbcknbvHf2rHlDn8OwOLCXjV2L8w9SSpw==}
    hasBin: true

  '@moonrepo/core-linux-arm64-gnu@1.27.6':
    resolution: {integrity: sha512-WMKsjLZmDZoZjC6iR2Mlj5Xek3p3Ws1cSdGUzO9oUUspKJ4ZqG8eP+o2oRkEm1MQashplU/l4O1BAq5LARjTUQ==}
    cpu: [arm64]
    os: [linux]

  '@moonrepo/core-linux-arm64-musl@1.27.6':
    resolution: {integrity: sha512-AB8DrLogFxn6WbGBh5T1vKXWvVuZitNIIX8+8bt4pJij9W0hOEu0d/3MW3QsUFpHzICdzvThjfz6WL7R5+TMtA==}
    cpu: [arm64]
    os: [linux]

  '@moonrepo/core-linux-x64-gnu@1.27.6':
    resolution: {integrity: sha512-KHHzszm6RJc1S7PxtjeoxEmP0VdRJ98LMV0uUCDWXQx/MHR7gbvEJUe1ffQnDreD/GYTJ1i8Zw4h8MkvepCKqw==}
    cpu: [x64]
    os: [linux]

  '@moonrepo/core-linux-x64-musl@1.27.6':
    resolution: {integrity: sha512-cFFWECDoBptH2Mprni9dK8QCqmPfSrwk9da/T/Sqbpy4x0LHbYeYVVaVzzdz3Fo/eqHNUPwASCh2YnevlYOUNg==}
    cpu: [x64]
    os: [linux]

  '@moonrepo/core-macos-arm64@1.27.6':
    resolution: {integrity: sha512-LiKNE5K5D/7/fzfu1PIKmmQ20l3k6jKBOufmXjCMkpi0VQX0auNMMnGSg2Y6xz7Kce5SZvffRVjHeN0nNAKDOA==}
    cpu: [arm64]
    os: [darwin]

  '@moonrepo/core-macos-x64@1.27.6':
    resolution: {integrity: sha512-YeZwtUPnuKVkXCGCmZ/8x0FbEuqyAu8jDpp4Y/MjiFXIdMN9Vng0O16hN5OOcuQZfQ4Po9SaBMCie9ntYuAJgg==}
    cpu: [x64]
    os: [darwin]

  '@moonrepo/core-windows-x64-msvc@1.27.6':
    resolution: {integrity: sha512-mKShI5/CDHuuleWQtRd6YbWxmNts0QF36csi7mONJyIZYDNEx3XJDhRQPviCA/zFVjuXFVrAF+UO5KnZHmD9bw==}
    cpu: [x64]
    os: [win32]

  detect-libc@2.0.3:
    resolution: {integrity: sha512-bwy0MGW55bG41VqxxypOsdSdGqLwXPI/focwgTYCFMbdUiBAxLg9CFzG08sz2aqzknwiX7Hkl0bQENjg8iLByw==}
    engines: {node: '>=8'}

  dotenv@16.4.5:
    resolution: {integrity: sha512-ZmdL2rui+eB2YwhsWzjInR8LldtZHGDoQ1ugH85ppHKwpUHL7j7rN0Ti9NCnGiQbhaZ11FpR+7ao1dNsmduNUg==}
    engines: {node: '>=12'}

snapshots:

  '@biomejs/biome@1.8.3':
    optionalDependencies:
      '@biomejs/cli-darwin-arm64': 1.8.3
      '@biomejs/cli-darwin-x64': 1.8.3
      '@biomejs/cli-linux-arm64': 1.8.3
      '@biomejs/cli-linux-arm64-musl': 1.8.3
      '@biomejs/cli-linux-x64': 1.8.3
      '@biomejs/cli-linux-x64-musl': 1.8.3
      '@biomejs/cli-win32-arm64': 1.8.3
      '@biomejs/cli-win32-x64': 1.8.3

  '@biomejs/cli-darwin-arm64@1.8.3':
    optional: true

  '@biomejs/cli-darwin-x64@1.8.3':
    optional: true

  '@biomejs/cli-linux-arm64-musl@1.8.3':
    optional: true

  '@biomejs/cli-linux-arm64@1.8.3':
    optional: true

  '@biomejs/cli-linux-x64-musl@1.8.3':
    optional: true

  '@biomejs/cli-linux-x64@1.8.3':
    optional: true

  '@biomejs/cli-win32-arm64@1.8.3':
    optional: true

  '@biomejs/cli-win32-x64@1.8.3':
    optional: true

  '@moonrepo/cli@1.27.6':
    dependencies:
      detect-libc: 2.0.3
    optionalDependencies:
      '@moonrepo/core-linux-arm64-gnu': 1.27.6
      '@moonrepo/core-linux-arm64-musl': 1.27.6
      '@moonrepo/core-linux-x64-gnu': 1.27.6
      '@moonrepo/core-linux-x64-musl': 1.27.6
      '@moonrepo/core-macos-arm64': 1.27.6
      '@moonrepo/core-macos-x64': 1.27.6
      '@moonrepo/core-windows-x64-msvc': 1.27.6

  '@moonrepo/core-linux-arm64-gnu@1.27.6':
    optional: true

  '@moonrepo/core-linux-arm64-musl@1.27.6':
    optional: true

  '@moonrepo/core-linux-x64-gnu@1.27.6':
    optional: true

  '@moonrepo/core-linux-x64-musl@1.27.6':
    optional: true

  '@moonrepo/core-macos-arm64@1.27.6':
    optional: true

  '@moonrepo/core-macos-x64@1.27.6':
    optional: true

  '@moonrepo/core-windows-x64-msvc@1.27.6':
    optional: true

  detect-libc@2.0.3: {}

  dotenv@16.4.5: {}
